{
  "version": 4,
  "terraform_version": "1.9.7",
  "serial": 35,
  "lineage": "28b9fb5d-9155-2f93-3622-fe3d1bf140be",
  "outputs": {},
  "resources": [
    {
      "module": "module.backend",
      "mode": "managed",
      "type": "docker_image",
      "name": "backend_image",
      "provider": "module.backend.provider[\"registry.terraform.io/kreuzwerker/docker\"]",
      "instances": [
        {
          "schema_version": 0,
          "attributes": {
            "build": [],
            "force_remove": null,
            "id": "sha256:c8ff23fc513caca8f8041c5292c6a58062b1208b15d4f60e5351f36a03e14f36tr23malyarchuk/mavenback:v2",
            "image_id": "sha256:c8ff23fc513caca8f8041c5292c6a58062b1208b15d4f60e5351f36a03e14f36",
            "keep_locally": null,
            "latest": "sha256:c8ff23fc513caca8f8041c5292c6a58062b1208b15d4f60e5351f36a03e14f36",
            "name": "tr23malyarchuk/mavenback:v2",
            "output": null,
            "platform": null,
            "pull_trigger": null,
            "pull_triggers": null,
            "repo_digest": "tr23malyarchuk/mavenback@sha256:21b7ce716b05492c2815dc1193d1ea92f3d6ac4aa3925c388ffb670a37edcf31",
            "triggers": null
          },
          "sensitive_attributes": [],
          "private": "bnVsbA=="
        }
      ]
    },
    {
      "module": "module.db",
      "mode": "managed",
      "type": "docker_image",
      "name": "db_image",
      "provider": "module.db.provider[\"registry.terraform.io/kreuzwerker/docker\"]",
      "instances": [
        {
          "schema_version": 0,
          "attributes": {
            "build": [],
            "force_remove": null,
            "id": "sha256:d76feacfc4a6d41f98c6e3a53e771e1d7fa5c2455bd2c058c10935aeafbb37bbpostgres:13",
            "image_id": "sha256:d76feacfc4a6d41f98c6e3a53e771e1d7fa5c2455bd2c058c10935aeafbb37bb",
            "keep_locally": null,
            "latest": "sha256:d76feacfc4a6d41f98c6e3a53e771e1d7fa5c2455bd2c058c10935aeafbb37bb",
            "name": "postgres:13",
            "output": null,
            "platform": null,
            "pull_trigger": null,
            "pull_triggers": null,
            "repo_digest": "postgres@sha256:5b074d58fdaebb94f317de869cc09404e0d7e1fba3f425702e46b26e719e7df5",
            "triggers": null
          },
          "sensitive_attributes": [],
          "private": "bnVsbA=="
        }
      ]
    },
    {
      "module": "module.db",
      "mode": "managed",
      "type": "docker_volume",
      "name": "db_data",
      "provider": "module.db.provider[\"registry.terraform.io/kreuzwerker/docker\"]",
      "instances": [
        {
          "schema_version": 1,
          "attributes": {
            "driver": "local",
            "driver_opts": {},
            "id": "db_data",
            "labels": [],
            "mountpoint": "/var/lib/docker/volumes/db_data/_data",
            "name": "db_data"
          },
          "sensitive_attributes": [],
          "private": "eyJzY2hlbWFfdmVyc2lvbiI6IjEifQ=="
        }
      ]
    },
    {
      "module": "module.frontend",
      "mode": "managed",
      "type": "docker_image",
      "name": "frontend_image",
      "provider": "module.frontend.provider[\"registry.terraform.io/kreuzwerker/docker\"]",
      "instances": [
        {
          "schema_version": 0,
          "attributes": {
            "build": [],
            "force_remove": null,
            "id": "sha256:1334540fb53d3ea3a176d8842db154734e75fccfd69f2cd654a109d0912224ectr23malyarchuk/frontginx:v1",
            "image_id": "sha256:1334540fb53d3ea3a176d8842db154734e75fccfd69f2cd654a109d0912224ec",
            "keep_locally": null,
            "latest": "sha256:1334540fb53d3ea3a176d8842db154734e75fccfd69f2cd654a109d0912224ec",
            "name": "tr23malyarchuk/frontginx:v1",
            "output": null,
            "platform": null,
            "pull_trigger": null,
            "pull_triggers": null,
            "repo_digest": "tr23malyarchuk/frontginx@sha256:45eaea0da908a41c9655543a30d91cb7944b4b7d35614c1fa7a6e9432cdb75cd",
            "triggers": null
          },
          "sensitive_attributes": [],
          "private": "bnVsbA=="
        }
      ]
    },
    {
      "module": "module.frontend",
      "mode": "managed",
      "type": "docker_network",
      "name": "existing_network",
      "provider": "module.frontend.provider[\"registry.terraform.io/kreuzwerker/docker\"]",
      "instances": [
        {
          "schema_version": 1,
          "attributes": {
            "attachable": false,
            "check_duplicate": null,
            "driver": "bridge",
            "id": "fed4c1823f914eca7aeab1ba6685dd67b9b4f8bc890e7d568a99cfeb89f4e98e",
            "ingress": false,
            "internal": false,
            "ipam_config": [
              {
                "aux_address": {},
                "gateway": "172.18.0.1",
                "ip_range": "",
                "subnet": "172.18.0.0/16"
              }
            ],
            "ipam_driver": "default",
            "ipam_options": null,
            "ipv6": false,
            "labels": [],
            "name": "app_network",
            "options": {},
            "scope": "local"
          },
          "sensitive_attributes": [],
          "private": "eyJzY2hlbWFfdmVyc2lvbiI6IjEifQ=="
        }
      ]
    }
  ],
  "check_results": null
}
